
Microsoft Visual Studio Solution File, Format Version 11.00
# Visual Studio 2010
Project("{FAE04EC0-301F-11D3-BF4B-00C04F79EFBC}") = "Robot Maze", "Assembly-CSharp.csproj", "{8020040D-7F10-844A-678D-23F3DCB16FD8}"
EndProject
Project("{FAE04EC0-301F-11D3-BF4B-00C04F79EFBC}") = "Robot Maze", "Assembly-CSharp-Editor.csproj", "{5E777330-3070-8DBA-A10E-ADF36D49CFD8}"
EndProject
Global
	GlobalSection(SolutionConfigurationPlatforms) = preSolution
		Debug|Any CPU = Debug|Any CPU
		Release|Any CPU = Release|Any CPU
	EndGlobalSection
	GlobalSection(ProjectConfigurationPlatforms) = postSolution
		{8020040D-7F10-844A-678D-23F3DCB16FD8}.Debug|Any CPU.ActiveCfg = Debug|Any CPU
		{8020040D-7F10-844A-678D-23F3DCB16FD8}.Debug|Any CPU.Build.0 = Debug|Any CPU
		{8020040D-7F10-844A-678D-23F3DCB16FD8}.Release|Any CPU.ActiveCfg = Release|Any CPU
		{8020040D-7F10-844A-678D-23F3DCB16FD8}.Release|Any CPU.Build.0 = Release|Any CPU
		{5E777330-3070-8DBA-A10E-ADF36D49CFD8}.Debug|Any CPU.ActiveCfg = Debug|Any CPU
		{5E777330-3070-8DBA-A10E-ADF36D49CFD8}.Debug|Any CPU.Build.0 = Debug|Any CPU
		{5E777330-3070-8DBA-A10E-ADF36D49CFD8}.Release|Any CPU.ActiveCfg = Release|Any CPU
		{5E777330-3070-8DBA-A10E-ADF36D49CFD8}.Release|Any CPU.Build.0 = Release|Any CPU
	EndGlobalSection
	GlobalSection(SolutionProperties) = preSolution
		HideSolutionNode = FALSE
	EndGlobalSection
	GlobalSection(MonoDevelopProperties) = preSolution
		StartupItem = Assembly-CSharp.csproj
	EndGlobalSection
EndGlobal
